# This file is automatically @generated by Cargo.
# It is not intended for manual editing.
version = 4

[[package]]
name = "types"
version = "0.1.0"

[[package]]
name = "zutai-cli"
version = "0.1.0"

[[package]]
name = "zutai-im-simd"
version = "0.1.0"

[[package]]
name = "zutai-im-syntax"
version = "0.1.0"

[[package]]
name = "zutai-syntax"
version = "0.1.0"
